
Microsoft Visual Studio Solution File, Format Version 12.00
# Visual Studio Version 17
VisualStudioVersion = 17.11.35327.3
MinimumVisualStudioVersion = 10.0.40219.1
Project("{2150E333-8FDC-42A3-9474-1A3956D46DE8}") = "Services", "Services", "{46DC190C-E515-429A-BE35-135914431EF0}"
EndProject
Project("{2150E333-8FDC-42A3-9474-1A3956D46DE8}") = "EventBus", "EventBus", "{9851C5FA-B34D-48D2-8E7E-13BFED715EAA}"
EndProject
Project("{2150E333-8FDC-42A3-9474-1A3956D46DE8}") = "ApiGateway", "ApiGateway", "{1634F5C2-0D2C-48A5-8A0F-5016193916B3}"
EndProject
Project("{FAE04EC0-301F-11D3-BF4B-00C04F79EFBC}") = "ApiGateway", "ApiGateway\ApiGateway.csproj", "{DBA14628-1F50-4560-996E-1C0C3931C50B}"
EndProject
Project("{2150E333-8FDC-42A3-9474-1A3956D46DE8}") = "Stock", "Stock", "{C4D7DD8C-3AC6-4049-9DB0-C69657EF4F5F}"
EndProject
Project("{FAE04EC0-301F-11D3-BF4B-00C04F79EFBC}") = "StockService", "src\Servies\Stock\StockService\StockService.csproj", "{2BE7F19D-B621-4ABA-96BC-3DBC21D3D177}"
EndProject
Project("{2150E333-8FDC-42A3-9474-1A3956D46DE8}") = "Common", "Common", "{7C46F232-6370-4C0F-AF69-1E4D80313F85}"
EndProject
Project("{FAE04EC0-301F-11D3-BF4B-00C04F79EFBC}") = "Common", "src\Commons\Common\Common.csproj", "{88523211-D56F-446D-A340-99528E510512}"
EndProject
Project("{2150E333-8FDC-42A3-9474-1A3956D46DE8}") = "Notification", "Notification", "{94409F3B-FDE1-413B-80BF-19CA4AA9EA89}"
EndProject
Project("{FAE04EC0-301F-11D3-BF4B-00C04F79EFBC}") = "NotificationService", "src\Servies\Notification\NotificationService\NotificationService.csproj", "{DF5B2449-DD44-49A0-8C2B-58C7D01C5881}"
EndProject
Project("{9A19103F-16F7-4668-BE54-9A1E7A4F7556}") = "EventBus.Base", "src\EventBus\EventBus.Base\EventBus.Base.csproj", "{78303DD4-4F78-438C-8B1E-10BC5E149528}"
EndProject
Project("{9A19103F-16F7-4668-BE54-9A1E7A4F7556}") = "EventBus.Factory", "src\EventBus\EventBus.Factory\EventBus.Factory.csproj", "{FAB2D2FD-07C7-4543-8427-17011821571E}"
EndProject
Project("{9A19103F-16F7-4668-BE54-9A1E7A4F7556}") = "EventBus.RabbitMQ", "src\EventBus\EventBus.RabbitMQ\EventBus.RabbitMQ.csproj", "{62EFA3F4-A829-441A-BBDA-705D72006528}"
EndProject
Project("{2150E333-8FDC-42A3-9474-1A3956D46DE8}") = "Order", "Order", "{90426C60-F3E4-4631-9E96-DD8865AE6D90}"
EndProject
Project("{FAE04EC0-301F-11D3-BF4B-00C04F79EFBC}") = "OrderServices", "src\Servies\Order\OrderServices\OrderServices.csproj", "{63C4ECCB-1473-415A-AEA4-44198AF47134}"
EndProject
Project("{2150E333-8FDC-42A3-9474-1A3956D46DE8}") = "Solution Items", "Solution Items", "{DA41C323-3D62-4FDF-A838-E75CECBED390}"
	ProjectSection(SolutionItems) = preProject
		Docker-compose.yml = Docker-compose.yml
	EndProjectSection
EndProject
Global
	GlobalSection(SolutionConfigurationPlatforms) = preSolution
		Debug|Any CPU = Debug|Any CPU
		Release|Any CPU = Release|Any CPU
	EndGlobalSection
	GlobalSection(ProjectConfigurationPlatforms) = postSolution
		{DBA14628-1F50-4560-996E-1C0C3931C50B}.Debug|Any CPU.ActiveCfg = Debug|Any CPU
		{DBA14628-1F50-4560-996E-1C0C3931C50B}.Debug|Any CPU.Build.0 = Debug|Any CPU
		{DBA14628-1F50-4560-996E-1C0C3931C50B}.Release|Any CPU.ActiveCfg = Release|Any CPU
		{DBA14628-1F50-4560-996E-1C0C3931C50B}.Release|Any CPU.Build.0 = Release|Any CPU
		{2BE7F19D-B621-4ABA-96BC-3DBC21D3D177}.Debug|Any CPU.ActiveCfg = Debug|Any CPU
		{2BE7F19D-B621-4ABA-96BC-3DBC21D3D177}.Debug|Any CPU.Build.0 = Debug|Any CPU
		{2BE7F19D-B621-4ABA-96BC-3DBC21D3D177}.Release|Any CPU.ActiveCfg = Release|Any CPU
		{2BE7F19D-B621-4ABA-96BC-3DBC21D3D177}.Release|Any CPU.Build.0 = Release|Any CPU
		{88523211-D56F-446D-A340-99528E510512}.Debug|Any CPU.ActiveCfg = Debug|Any CPU
		{88523211-D56F-446D-A340-99528E510512}.Debug|Any CPU.Build.0 = Debug|Any CPU
		{88523211-D56F-446D-A340-99528E510512}.Release|Any CPU.ActiveCfg = Release|Any CPU
		{88523211-D56F-446D-A340-99528E510512}.Release|Any CPU.Build.0 = Release|Any CPU
		{DF5B2449-DD44-49A0-8C2B-58C7D01C5881}.Debug|Any CPU.ActiveCfg = Debug|Any CPU
		{DF5B2449-DD44-49A0-8C2B-58C7D01C5881}.Debug|Any CPU.Build.0 = Debug|Any CPU
		{DF5B2449-DD44-49A0-8C2B-58C7D01C5881}.Release|Any CPU.ActiveCfg = Release|Any CPU
		{DF5B2449-DD44-49A0-8C2B-58C7D01C5881}.Release|Any CPU.Build.0 = Release|Any CPU
		{78303DD4-4F78-438C-8B1E-10BC5E149528}.Debug|Any CPU.ActiveCfg = Debug|Any CPU
		{78303DD4-4F78-438C-8B1E-10BC5E149528}.Debug|Any CPU.Build.0 = Debug|Any CPU
		{78303DD4-4F78-438C-8B1E-10BC5E149528}.Release|Any CPU.ActiveCfg = Release|Any CPU
		{78303DD4-4F78-438C-8B1E-10BC5E149528}.Release|Any CPU.Build.0 = Release|Any CPU
		{FAB2D2FD-07C7-4543-8427-17011821571E}.Debug|Any CPU.ActiveCfg = Debug|Any CPU
		{FAB2D2FD-07C7-4543-8427-17011821571E}.Debug|Any CPU.Build.0 = Debug|Any CPU
		{FAB2D2FD-07C7-4543-8427-17011821571E}.Release|Any CPU.ActiveCfg = Release|Any CPU
		{FAB2D2FD-07C7-4543-8427-17011821571E}.Release|Any CPU.Build.0 = Release|Any CPU
		{62EFA3F4-A829-441A-BBDA-705D72006528}.Debug|Any CPU.ActiveCfg = Debug|Any CPU
		{62EFA3F4-A829-441A-BBDA-705D72006528}.Debug|Any CPU.Build.0 = Debug|Any CPU
		{62EFA3F4-A829-441A-BBDA-705D72006528}.Release|Any CPU.ActiveCfg = Release|Any CPU
		{62EFA3F4-A829-441A-BBDA-705D72006528}.Release|Any CPU.Build.0 = Release|Any CPU
		{63C4ECCB-1473-415A-AEA4-44198AF47134}.Debug|Any CPU.ActiveCfg = Debug|Any CPU
		{63C4ECCB-1473-415A-AEA4-44198AF47134}.Debug|Any CPU.Build.0 = Debug|Any CPU
		{63C4ECCB-1473-415A-AEA4-44198AF47134}.Release|Any CPU.ActiveCfg = Release|Any CPU
		{63C4ECCB-1473-415A-AEA4-44198AF47134}.Release|Any CPU.Build.0 = Release|Any CPU
	EndGlobalSection
	GlobalSection(SolutionProperties) = preSolution
		HideSolutionNode = FALSE
	EndGlobalSection
	GlobalSection(NestedProjects) = preSolution
		{DBA14628-1F50-4560-996E-1C0C3931C50B} = {1634F5C2-0D2C-48A5-8A0F-5016193916B3}
		{C4D7DD8C-3AC6-4049-9DB0-C69657EF4F5F} = {46DC190C-E515-429A-BE35-135914431EF0}
		{2BE7F19D-B621-4ABA-96BC-3DBC21D3D177} = {C4D7DD8C-3AC6-4049-9DB0-C69657EF4F5F}
		{88523211-D56F-446D-A340-99528E510512} = {7C46F232-6370-4C0F-AF69-1E4D80313F85}
		{94409F3B-FDE1-413B-80BF-19CA4AA9EA89} = {46DC190C-E515-429A-BE35-135914431EF0}
		{DF5B2449-DD44-49A0-8C2B-58C7D01C5881} = {94409F3B-FDE1-413B-80BF-19CA4AA9EA89}
		{78303DD4-4F78-438C-8B1E-10BC5E149528} = {9851C5FA-B34D-48D2-8E7E-13BFED715EAA}
		{FAB2D2FD-07C7-4543-8427-17011821571E} = {9851C5FA-B34D-48D2-8E7E-13BFED715EAA}
		{62EFA3F4-A829-441A-BBDA-705D72006528} = {9851C5FA-B34D-48D2-8E7E-13BFED715EAA}
		{90426C60-F3E4-4631-9E96-DD8865AE6D90} = {46DC190C-E515-429A-BE35-135914431EF0}
		{63C4ECCB-1473-415A-AEA4-44198AF47134} = {90426C60-F3E4-4631-9E96-DD8865AE6D90}
	EndGlobalSection
	GlobalSection(ExtensibilityGlobals) = postSolution
		SolutionGuid = {F0AB4E28-7D0D-4367-9C86-25CE8EE0C0C2}
	EndGlobalSection
EndGlobal
